
Microsoft Visual Studio Solution File, Format Version 12.00
# Visual Studio Version 17
VisualStudioVersion = 17.13.35825.156 d17.13
MinimumVisualStudioVersion = 10.0.40219.1
Project("{FAE04EC0-301F-11D3-BF4B-00C04F79EFBC}") = "bc1042", "bc1042\bc1042.csproj", "{68AF79A9-5C7F-4745-8C13-DEAB631FB9FD}"
EndProject
Global
	GlobalSection(SolutionConfigurationPlatforms) = preSolution
		Debug|Any CPU = Debug|Any CPU
		Release|Any CPU = Release|Any CPU
	EndGlobalSection
	GlobalSection(ProjectConfigurationPlatforms) = postSolution
		{68AF79A9-5C7F-4745-8C13-DEAB631FB9FD}.Debug|Any CPU.ActiveCfg = Debug|Any CPU
		{68AF79A9-5C7F-4745-8C13-DEAB631FB9FD}.Debug|Any CPU.Build.0 = Debug|Any CPU
		{68AF79A9-5C7F-4745-8C13-DEAB631FB9FD}.Release|Any CPU.ActiveCfg = Release|Any CPU
		{68AF79A9-5C7F-4745-8C13-DEAB631FB9FD}.Release|Any CPU.Build.0 = Release|Any CPU
	EndGlobalSection
	GlobalSection(SolutionProperties) = preSolution
		HideSolutionNode = FALSE
	EndGlobalSection
	GlobalSection(ExtensibilityGlobals) = postSolution
		SolutionGuid = {30AB13A2-5F77-403A-B990-3F40691A0D75}
	EndGlobalSection
EndGlobal
