
Microsoft Visual Studio Solution File, Format Version 12.00
# Visual Studio Version 17
VisualStudioVersion = 17.13.35825.156 d17.13
MinimumVisualStudioVersion = 10.0.40219.1
Project("{FAE04EC0-301F-11D3-BF4B-00C04F79EFBC}") = "bc1131", "bc1131\bc1131.csproj", "{5FE856AE-E31B-4D73-88A0-15BF3663E821}"
EndProject
Global
	GlobalSection(SolutionConfigurationPlatforms) = preSolution
		Debug|Any CPU = Debug|Any CPU
		Release|Any CPU = Release|Any CPU
	EndGlobalSection
	GlobalSection(ProjectConfigurationPlatforms) = postSolution
		{5FE856AE-E31B-4D73-88A0-15BF3663E821}.Debug|Any CPU.ActiveCfg = Debug|Any CPU
		{5FE856AE-E31B-4D73-88A0-15BF3663E821}.Debug|Any CPU.Build.0 = Debug|Any CPU
		{5FE856AE-E31B-4D73-88A0-15BF3663E821}.Release|Any CPU.ActiveCfg = Release|Any CPU
		{5FE856AE-E31B-4D73-88A0-15BF3663E821}.Release|Any CPU.Build.0 = Release|Any CPU
	EndGlobalSection
	GlobalSection(SolutionProperties) = preSolution
		HideSolutionNode = FALSE
	EndGlobalSection
	GlobalSection(ExtensibilityGlobals) = postSolution
		SolutionGuid = {7CC6F479-0958-4F40-9457-19FD61C4B8DD}
	EndGlobalSection
EndGlobal
