
Microsoft Visual Studio Solution File, Format Version 12.00
# Visual Studio Version 17
VisualStudioVersion = 17.13.35825.156 d17.13
MinimumVisualStudioVersion = 10.0.40219.1
Project("{FAE04EC0-301F-11D3-BF4B-00C04F79EFBC}") = "bc1064", "bc1064\bc1064.csproj", "{721C7D75-95AE-4AF8-AB5C-63AB1934159F}"
EndProject
Global
	GlobalSection(SolutionConfigurationPlatforms) = preSolution
		Debug|Any CPU = Debug|Any CPU
		Release|Any CPU = Release|Any CPU
	EndGlobalSection
	GlobalSection(ProjectConfigurationPlatforms) = postSolution
		{721C7D75-95AE-4AF8-AB5C-63AB1934159F}.Debug|Any CPU.ActiveCfg = Debug|Any CPU
		{721C7D75-95AE-4AF8-AB5C-63AB1934159F}.Debug|Any CPU.Build.0 = Debug|Any CPU
		{721C7D75-95AE-4AF8-AB5C-63AB1934159F}.Release|Any CPU.ActiveCfg = Release|Any CPU
		{721C7D75-95AE-4AF8-AB5C-63AB1934159F}.Release|Any CPU.Build.0 = Release|Any CPU
	EndGlobalSection
	GlobalSection(SolutionProperties) = preSolution
		HideSolutionNode = FALSE
	EndGlobalSection
	GlobalSection(ExtensibilityGlobals) = postSolution
		SolutionGuid = {107A0A2F-45A0-498B-A7F7-85A0F7AD3F1D}
	EndGlobalSection
EndGlobal
