
Microsoft Visual Studio Solution File, Format Version 12.00
# Visual Studio Version 17
VisualStudioVersion = 17.13.35825.156 d17.13
MinimumVisualStudioVersion = 10.0.40219.1
Project("{FAE04EC0-301F-11D3-BF4B-00C04F79EFBC}") = "bc1096", "bc1096\bc1096.csproj", "{C7F31CD6-9FA3-4564-8687-44F4D6725547}"
EndProject
Global
	GlobalSection(SolutionConfigurationPlatforms) = preSolution
		Debug|Any CPU = Debug|Any CPU
		Release|Any CPU = Release|Any CPU
	EndGlobalSection
	GlobalSection(ProjectConfigurationPlatforms) = postSolution
		{C7F31CD6-9FA3-4564-8687-44F4D6725547}.Debug|Any CPU.ActiveCfg = Debug|Any CPU
		{C7F31CD6-9FA3-4564-8687-44F4D6725547}.Debug|Any CPU.Build.0 = Debug|Any CPU
		{C7F31CD6-9FA3-4564-8687-44F4D6725547}.Release|Any CPU.ActiveCfg = Release|Any CPU
		{C7F31CD6-9FA3-4564-8687-44F4D6725547}.Release|Any CPU.Build.0 = Release|Any CPU
	EndGlobalSection
	GlobalSection(SolutionProperties) = preSolution
		HideSolutionNode = FALSE
	EndGlobalSection
	GlobalSection(ExtensibilityGlobals) = postSolution
		SolutionGuid = {8365918C-24DB-40D6-A750-8B03971EE3BB}
	EndGlobalSection
EndGlobal
