
Microsoft Visual Studio Solution File, Format Version 12.00
# Visual Studio Version 17
VisualStudioVersion = 17.13.35825.156 d17.13
MinimumVisualStudioVersion = 10.0.40219.1
Project("{FAE04EC0-301F-11D3-BF4B-00C04F79EFBC}") = "bc1118", "bc1118\bc1118.csproj", "{5934035D-3958-4A4A-B246-ED3998744C2F}"
EndProject
Global
	GlobalSection(SolutionConfigurationPlatforms) = preSolution
		Debug|Any CPU = Debug|Any CPU
		Release|Any CPU = Release|Any CPU
	EndGlobalSection
	GlobalSection(ProjectConfigurationPlatforms) = postSolution
		{5934035D-3958-4A4A-B246-ED3998744C2F}.Debug|Any CPU.ActiveCfg = Debug|Any CPU
		{5934035D-3958-4A4A-B246-ED3998744C2F}.Debug|Any CPU.Build.0 = Debug|Any CPU
		{5934035D-3958-4A4A-B246-ED3998744C2F}.Release|Any CPU.ActiveCfg = Release|Any CPU
		{5934035D-3958-4A4A-B246-ED3998744C2F}.Release|Any CPU.Build.0 = Release|Any CPU
	EndGlobalSection
	GlobalSection(SolutionProperties) = preSolution
		HideSolutionNode = FALSE
	EndGlobalSection
	GlobalSection(ExtensibilityGlobals) = postSolution
		SolutionGuid = {948A4841-0B6B-4478-9BB3-9D35714C3371}
	EndGlobalSection
EndGlobal
