
Microsoft Visual Studio Solution File, Format Version 12.00
# Visual Studio Version 17
VisualStudioVersion = 17.13.35825.156 d17.13
MinimumVisualStudioVersion = 10.0.40219.1
Project("{FAE04EC0-301F-11D3-BF4B-00C04F79EFBC}") = "bc1157", "bc1157\bc1157.csproj", "{7F989BB2-6562-4000-A592-72F1171D3983}"
EndProject
Global
	GlobalSection(SolutionConfigurationPlatforms) = preSolution
		Debug|Any CPU = Debug|Any CPU
		Release|Any CPU = Release|Any CPU
	EndGlobalSection
	GlobalSection(ProjectConfigurationPlatforms) = postSolution
		{7F989BB2-6562-4000-A592-72F1171D3983}.Debug|Any CPU.ActiveCfg = Debug|Any CPU
		{7F989BB2-6562-4000-A592-72F1171D3983}.Debug|Any CPU.Build.0 = Debug|Any CPU
		{7F989BB2-6562-4000-A592-72F1171D3983}.Release|Any CPU.ActiveCfg = Release|Any CPU
		{7F989BB2-6562-4000-A592-72F1171D3983}.Release|Any CPU.Build.0 = Release|Any CPU
	EndGlobalSection
	GlobalSection(SolutionProperties) = preSolution
		HideSolutionNode = FALSE
	EndGlobalSection
	GlobalSection(ExtensibilityGlobals) = postSolution
		SolutionGuid = {D77D55C7-9961-4C2E-9A38-C73B3D380A87}
	EndGlobalSection
EndGlobal
