
Microsoft Visual Studio Solution File, Format Version 12.00
# Visual Studio Version 17
VisualStudioVersion = 17.13.35825.156 d17.13
MinimumVisualStudioVersion = 10.0.40219.1
Project("{FAE04EC0-301F-11D3-BF4B-00C04F79EFBC}") = "bc1158", "bc1158\bc1158.csproj", "{65C572F1-3DBA-4DB0-8478-4603376453AE}"
EndProject
Global
	GlobalSection(SolutionConfigurationPlatforms) = preSolution
		Debug|Any CPU = Debug|Any CPU
		Release|Any CPU = Release|Any CPU
	EndGlobalSection
	GlobalSection(ProjectConfigurationPlatforms) = postSolution
		{65C572F1-3DBA-4DB0-8478-4603376453AE}.Debug|Any CPU.ActiveCfg = Debug|Any CPU
		{65C572F1-3DBA-4DB0-8478-4603376453AE}.Debug|Any CPU.Build.0 = Debug|Any CPU
		{65C572F1-3DBA-4DB0-8478-4603376453AE}.Release|Any CPU.ActiveCfg = Release|Any CPU
		{65C572F1-3DBA-4DB0-8478-4603376453AE}.Release|Any CPU.Build.0 = Release|Any CPU
	EndGlobalSection
	GlobalSection(SolutionProperties) = preSolution
		HideSolutionNode = FALSE
	EndGlobalSection
	GlobalSection(ExtensibilityGlobals) = postSolution
		SolutionGuid = {41183780-D848-4DB6-957D-2D1FD8C0F243}
	EndGlobalSection
EndGlobal
