
Microsoft Visual Studio Solution File, Format Version 12.00
# Visual Studio Version 17
VisualStudioVersion = 17.13.35825.156 d17.13
MinimumVisualStudioVersion = 10.0.40219.1
Project("{FAE04EC0-301F-11D3-BF4B-00C04F79EFBC}") = "bc1099", "bc1099\bc1099.csproj", "{B6D9E28D-E407-4D93-9325-F8E9995E5879}"
EndProject
Global
	GlobalSection(SolutionConfigurationPlatforms) = preSolution
		Debug|Any CPU = Debug|Any CPU
		Release|Any CPU = Release|Any CPU
	EndGlobalSection
	GlobalSection(ProjectConfigurationPlatforms) = postSolution
		{B6D9E28D-E407-4D93-9325-F8E9995E5879}.Debug|Any CPU.ActiveCfg = Debug|Any CPU
		{B6D9E28D-E407-4D93-9325-F8E9995E5879}.Debug|Any CPU.Build.0 = Debug|Any CPU
		{B6D9E28D-E407-4D93-9325-F8E9995E5879}.Release|Any CPU.ActiveCfg = Release|Any CPU
		{B6D9E28D-E407-4D93-9325-F8E9995E5879}.Release|Any CPU.Build.0 = Release|Any CPU
	EndGlobalSection
	GlobalSection(SolutionProperties) = preSolution
		HideSolutionNode = FALSE
	EndGlobalSection
	GlobalSection(ExtensibilityGlobals) = postSolution
		SolutionGuid = {6A1A9D65-E35A-4244-9286-2E958D869ECF}
	EndGlobalSection
EndGlobal
